// !$*UTF8*$!
{
	archiveVersion = 1;
	classes = {
	};
	objectVersion = 48;
	objects = {

/* Begin PBXBuildFile section */
		0E22EBA44E0BA015FB260F3A /* Pods_Machac.framework in Frameworks */ = {isa = PBXBuildFile; fileRef = 045BEA563C79C8A024BDF18A /* Pods_Machac.framework */; };
		C11216BD1F992FD300C20286 /* CascadeDelete.swift in Sources */ = {isa = PBXBuildFile; fileRef = C11216BC1F992FD300C20286 /* CascadeDelete.swift */; };
		C1C879111F9620C2004FADBC /* AppDelegate.swift in Sources */ = {isa = PBXBuildFile; fileRef = C1C879101F9620C2004FADBC /* AppDelegate.swift */; };
		C1C879131F9620C2004FADBC /* PeopleViewController.swift in Sources */ = {isa = PBXBuildFile; fileRef = C1C879121F9620C2004FADBC /* PeopleViewController.swift */; };
		C1C879181F9620C2004FADBC /* Main.storyboard in Resources */ = {isa = PBXBuildFile; fileRef = C1C879161F9620C2004FADBC /* Main.storyboard */; };
		C1C8791A1F9620C2004FADBC /* Assets.xcassets in Resources */ = {isa = PBXBuildFile; fileRef = C1C879191F9620C2004FADBC /* Assets.xcassets */; };
		C1C8791D1F9620C2004FADBC /* LaunchScreen.storyboard in Resources */ = {isa = PBXBuildFile; fileRef = C1C8791B1F9620C2004FADBC /* LaunchScreen.storyboard */; };
		C1D592861F964F5900A0C189 /* Person.swift in Sources */ = {isa = PBXBuildFile; fileRef = C1D592851F964F5900A0C189 /* Person.swift */; };
		C1D5928A1F96502700A0C189 /* RealmManager.swift in Sources */ = {isa = PBXBuildFile; fileRef = C1D592891F96502700A0C189 /* RealmManager.swift */; };
		C1D5928C1F9746B600A0C189 /* PersonViewController.swift in Sources */ = {isa = PBXBuildFile; fileRef = C1D5928B1F9746B600A0C189 /* PersonViewController.swift */; };
		C1D5928E1F97565A00A0C189 /* Item.swift in Sources */ = {isa = PBXBuildFile; fileRef = C1D5928D1F97565A00A0C189 /* Item.swift */; };
		C1D592901F9758A900A0C189 /* Currency.swift in Sources */ = {isa = PBXBuildFile; fileRef = C1D5928F1F9758A900A0C189 /* Currency.swift */; };
		C1D592921F975A9A00A0C189 /* Ratio.swift in Sources */ = {isa = PBXBuildFile; fileRef = C1D592911F975A9A00A0C189 /* Ratio.swift */; };
		C1D592941F975C5200A0C189 /* ItemsViewController.swift in Sources */ = {isa = PBXBuildFile; fileRef = C1D592931F975C5200A0C189 /* ItemsViewController.swift */; };
		C1D592961F975D4D00A0C189 /* OwesViewController.swift in Sources */ = {isa = PBXBuildFile; fileRef = C1D592951F975D4D00A0C189 /* OwesViewController.swift */; };
		C1D592981F97624400A0C189 /* AppSettings.swift in Sources */ = {isa = PBXBuildFile; fileRef = C1D592971F97624400A0C189 /* AppSettings.swift */; };
		C1D5929A1F9765DB00A0C189 /* IsOwedViewController.swift in Sources */ = {isa = PBXBuildFile; fileRef = C1D592991F9765DB00A0C189 /* IsOwedViewController.swift */; };
		C1D5929C1F976A2B00A0C189 /* NameValueCell.swift in Sources */ = {isa = PBXBuildFile; fileRef = C1D5929B1F976A2B00A0C189 /* NameValueCell.swift */; };
		C1D5929E1F97742800A0C189 /* InitialViewController.swift in Sources */ = {isa = PBXBuildFile; fileRef = C1D5929D1F97742800A0C189 /* InitialViewController.swift */; };
		C1D592A01F97752A00A0C189 /* CurrenciesViewController.swift in Sources */ = {isa = PBXBuildFile; fileRef = C1D5929F1F97752A00A0C189 /* CurrenciesViewController.swift */; };
		C1D592A21F977A5700A0C189 /* ItemViewController.swift in Sources */ = {isa = PBXBuildFile; fileRef = C1D592A11F977A5700A0C189 /* ItemViewController.swift */; };
		C1D592A41F977C4300A0C189 /* PickerCell.swift in Sources */ = {isa = PBXBuildFile; fileRef = C1D592A31F977C4300A0C189 /* PickerCell.swift */; };
		C1D592A71F977E9E00A0C189 /* UIViewExtension.swift in Sources */ = {isa = PBXBuildFile; fileRef = C1D592A61F977E9E00A0C189 /* UIViewExtension.swift */; };
		C1D592AA1F977FFC00A0C189 /* ListableObject.swift in Sources */ = {isa = PBXBuildFile; fileRef = C1D592A91F977FFC00A0C189 /* ListableObject.swift */; };
		C1D592AC1F97807400A0C189 /* CurrencyPickerCell.swift in Sources */ = {isa = PBXBuildFile; fileRef = C1D592AB1F97807400A0C189 /* CurrencyPickerCell.swift */; };
		C1D592AE1F97826500A0C189 /* TextFieldCell.swift in Sources */ = {isa = PBXBuildFile; fileRef = C1D592AD1F97826500A0C189 /* TextFieldCell.swift */; };
		C1D592B01F9782A500A0C189 /* UITableExtensions.swift in Sources */ = {isa = PBXBuildFile; fileRef = C1D592AF1F9782A500A0C189 /* UITableExtensions.swift */; };
		C1FA6BF11F97914D008EF50C /* PersonPickerCell.swift in Sources */ = {isa = PBXBuildFile; fileRef = C1FA6BF01F97914D008EF50C /* PersonPickerCell.swift */; };
		C1FA6BF31F979FE6008EF50C /* CurrencyViewController.swift in Sources */ = {isa = PBXBuildFile; fileRef = C1FA6BF21F979FE6008EF50C /* CurrencyViewController.swift */; };
		C1FA6BF51F97A460008EF50C /* UIViewControllerExtension.swift in Sources */ = {isa = PBXBuildFile; fileRef = C1FA6BF41F97A460008EF50C /* UIViewControllerExtension.swift */; };
		C1FA6BF71F97C389008EF50C /* TableViewCell.swift in Sources */ = {isa = PBXBuildFile; fileRef = C1FA6BF61F97C389008EF50C /* TableViewCell.swift */; };
		C1FA6BF91F988F56008EF50C /* ScrollViewWithUpdates.swift in Sources */ = {isa = PBXBuildFile; fileRef = C1FA6BF81F988F56008EF50C /* ScrollViewWithUpdates.swift */; };
		C1FA6BFB1F989247008EF50C /* RatiosTableViewCell.swift in Sources */ = {isa = PBXBuildFile; fileRef = C1FA6BFA1F989247008EF50C /* RatiosTableViewCell.swift */; };
		C1FA6BFD1F989CE9008EF50C /* RatioViewController.swift in Sources */ = {isa = PBXBuildFile; fileRef = C1FA6BFC1F989CE9008EF50C /* RatioViewController.swift */; };
		C1FA6BFF1F98CAF7008EF50C /* ExportManager.swift in Sources */ = {isa = PBXBuildFile; fileRef = C1FA6BFE1F98CAF7008EF50C /* ExportManager.swift */; };
		C1FA6C011F98D337008EF50C /* ArrayExtension.swift in Sources */ = {isa = PBXBuildFile; fileRef = C1FA6C001F98D337008EF50C /* ArrayExtension.swift */; };
		C1FA6C051F9903B1008EF50C /* DebtsViewController.swift in Sources */ = {isa = PBXBuildFile; fileRef = C1FA6C041F9903B1008EF50C /* DebtsViewController.swift */; };
		C1FA6C071F9906DE008EF50C /* ItemOwnerViewController.swift in Sources */ = {isa = PBXBuildFile; fileRef = C1FA6C061F9906DE008EF50C /* ItemOwnerViewController.swift */; };
/* End PBXBuildFile section */

/* Begin PBXFileReference section */
		045BEA563C79C8A024BDF18A /* Pods_Machac.framework */ = {isa = PBXFileReference; explicitFileType = wrapper.framework; includeInIndex = 0; path = Pods_Machac.framework; sourceTree = BUILT_PRODUCTS_DIR; };
		97DC4CE70D169BF61B726F14 /* Pods-Machac.debug.xcconfig */ = {isa = PBXFileReference; includeInIndex = 1; lastKnownFileType = text.xcconfig; name = "Pods-Machac.debug.xcconfig"; path = "Pods/Target Support Files/Pods-Machac/Pods-Machac.debug.xcconfig"; sourceTree = "<group>"; };
		C11216BC1F992FD300C20286 /* CascadeDelete.swift */ = {isa = PBXFileReference; lastKnownFileType = sourcecode.swift; path = CascadeDelete.swift; sourceTree = "<group>"; };
		C1C8790D1F9620C2004FADBC /* Machac.app */ = {isa = PBXFileReference; explicitFileType = wrapper.application; includeInIndex = 0; path = Machac.app; sourceTree = BUILT_PRODUCTS_DIR; };
		C1C879101F9620C2004FADBC /* AppDelegate.swift */ = {isa = PBXFileReference; lastKnownFileType = sourcecode.swift; path = AppDelegate.swift; sourceTree = "<group>"; };
		C1C879121F9620C2004FADBC /* PeopleViewController.swift */ = {isa = PBXFileReference; lastKnownFileType = sourcecode.swift; path = PeopleViewController.swift; sourceTree = "<group>"; };
		C1C879171F9620C2004FADBC /* Base */ = {isa = PBXFileReference; lastKnownFileType = file.storyboard; name = Base; path = Base.lproj/Main.storyboard; sourceTree = "<group>"; };
		C1C879191F9620C2004FADBC /* Assets.xcassets */ = {isa = PBXFileReference; lastKnownFileType = folder.assetcatalog; path = Assets.xcassets; sourceTree = "<group>"; };
		C1C8791C1F9620C2004FADBC /* Base */ = {isa = PBXFileReference; lastKnownFileType = file.storyboard; name = Base; path = Base.lproj/LaunchScreen.storyboard; sourceTree = "<group>"; };
		C1C8791E1F9620C2004FADBC /* Info.plist */ = {isa = PBXFileReference; lastKnownFileType = text.plist.xml; path = Info.plist; sourceTree = "<group>"; };
		C1D592851F964F5900A0C189 /* Person.swift */ = {isa = PBXFileReference; lastKnownFileType = sourcecode.swift; path = Person.swift; sourceTree = "<group>"; };
		C1D592891F96502700A0C189 /* RealmManager.swift */ = {isa = PBXFileReference; lastKnownFileType = sourcecode.swift; path = RealmManager.swift; sourceTree = "<group>"; };
		C1D5928B1F9746B600A0C189 /* PersonViewController.swift */ = {isa = PBXFileReference; lastKnownFileType = sourcecode.swift; path = PersonViewController.swift; sourceTree = "<group>"; };
		C1D5928D1F97565A00A0C189 /* Item.swift */ = {isa = PBXFileReference; lastKnownFileType = sourcecode.swift; path = Item.swift; sourceTree = "<group>"; };
		C1D5928F1F9758A900A0C189 /* Currency.swift */ = {isa = PBXFileReference; lastKnownFileType = sourcecode.swift; path = Currency.swift; sourceTree = "<group>"; };
		C1D592911F975A9A00A0C189 /* Ratio.swift */ = {isa = PBXFileReference; lastKnownFileType = sourcecode.swift; path = Ratio.swift; sourceTree = "<group>"; };
		C1D592931F975C5200A0C189 /* ItemsViewController.swift */ = {isa = PBXFileReference; lastKnownFileType = sourcecode.swift; path = ItemsViewController.swift; sourceTree = "<group>"; };
		C1D592951F975D4D00A0C189 /* OwesViewController.swift */ = {isa = PBXFileReference; lastKnownFileType = sourcecode.swift; path = OwesViewController.swift; sourceTree = "<group>"; };
		C1D592971F97624400A0C189 /* AppSettings.swift */ = {isa = PBXFileReference; lastKnownFileType = sourcecode.swift; path = AppSettings.swift; sourceTree = "<group>"; };
		C1D592991F9765DB00A0C189 /* IsOwedViewController.swift */ = {isa = PBXFileReference; lastKnownFileType = sourcecode.swift; path = IsOwedViewController.swift; sourceTree = "<group>"; };
		C1D5929B1F976A2B00A0C189 /* NameValueCell.swift */ = {isa = PBXFileReference; lastKnownFileType = sourcecode.swift; path = NameValueCell.swift; sourceTree = "<group>"; };
		C1D5929D1F97742800A0C189 /* InitialViewController.swift */ = {isa = PBXFileReference; lastKnownFileType = sourcecode.swift; path = InitialViewController.swift; sourceTree = "<group>"; };
		C1D5929F1F97752A00A0C189 /* CurrenciesViewController.swift */ = {isa = PBXFileReference; lastKnownFileType = sourcecode.swift; path = CurrenciesViewController.swift; sourceTree = "<group>"; };
		C1D592A11F977A5700A0C189 /* ItemViewController.swift */ = {isa = PBXFileReference; lastKnownFileType = sourcecode.swift; path = ItemViewController.swift; sourceTree = "<group>"; };
		C1D592A31F977C4300A0C189 /* PickerCell.swift */ = {isa = PBXFileReference; lastKnownFileType = sourcecode.swift; path = PickerCell.swift; sourceTree = "<group>"; };
		C1D592A61F977E9E00A0C189 /* UIViewExtension.swift */ = {isa = PBXFileReference; lastKnownFileType = sourcecode.swift; path = UIViewExtension.swift; sourceTree = "<group>"; };
		C1D592A91F977FFC00A0C189 /* ListableObject.swift */ = {isa = PBXFileReference; lastKnownFileType = sourcecode.swift; path = ListableObject.swift; sourceTree = "<group>"; };
		C1D592AB1F97807400A0C189 /* CurrencyPickerCell.swift */ = {isa = PBXFileReference; lastKnownFileType = sourcecode.swift; path = CurrencyPickerCell.swift; sourceTree = "<group>"; };
		C1D592AD1F97826500A0C189 /* TextFieldCell.swift */ = {isa = PBXFileReference; lastKnownFileType = sourcecode.swift; path = TextFieldCell.swift; sourceTree = "<group>"; };
		C1D592AF1F9782A500A0C189 /* UITableExtensions.swift */ = {isa = PBXFileReference; lastKnownFileType = sourcecode.swift; path = UITableExtensions.swift; sourceTree = "<group>"; };
		C1FA6BF01F97914D008EF50C /* PersonPickerCell.swift */ = {isa = PBXFileReference; lastKnownFileType = sourcecode.swift; path = PersonPickerCell.swift; sourceTree = "<group>"; };
		C1FA6BF21F979FE6008EF50C /* CurrencyViewController.swift */ = {isa = PBXFileReference; lastKnownFileType = sourcecode.swift; path = CurrencyViewController.swift; sourceTree = "<group>"; };
		C1FA6BF41F97A460008EF50C /* UIViewControllerExtension.swift */ = {isa = PBXFileReference; lastKnownFileType = sourcecode.swift; path = UIViewControllerExtension.swift; sourceTree = "<group>"; };
		C1FA6BF61F97C389008EF50C /* TableViewCell.swift */ = {isa = PBXFileReference; lastKnownFileType = sourcecode.swift; path = TableViewCell.swift; sourceTree = "<group>"; };
		C1FA6BF81F988F56008EF50C /* ScrollViewWithUpdates.swift */ = {isa = PBXFileReference; lastKnownFileType = sourcecode.swift; path = ScrollViewWithUpdates.swift; sourceTree = "<group>"; };
		C1FA6BFA1F989247008EF50C /* RatiosTableViewCell.swift */ = {isa = PBXFileReference; lastKnownFileType = sourcecode.swift; path = RatiosTableViewCell.swift; sourceTree = "<group>"; };
		C1FA6BFC1F989CE9008EF50C /* RatioViewController.swift */ = {isa = PBXFileReference; lastKnownFileType = sourcecode.swift; path = RatioViewController.swift; sourceTree = "<group>"; };
		C1FA6BFE1F98CAF7008EF50C /* ExportManager.swift */ = {isa = PBXFileReference; lastKnownFileType = sourcecode.swift; path = ExportManager.swift; sourceTree = "<group>"; };
		C1FA6C001F98D337008EF50C /* ArrayExtension.swift */ = {isa = PBXFileReference; lastKnownFileType = sourcecode.swift; path = ArrayExtension.swift; sourceTree = "<group>"; };
		C1FA6C041F9903B1008EF50C /* DebtsViewController.swift */ = {isa = PBXFileReference; lastKnownFileType = sourcecode.swift; path = DebtsViewController.swift; sourceTree = "<group>"; };
		C1FA6C061F9906DE008EF50C /* ItemOwnerViewController.swift */ = {isa = PBXFileReference; lastKnownFileType = sourcecode.swift; path = ItemOwnerViewController.swift; sourceTree = "<group>"; };
		D97C1B047F8DAA14A997CF0A /* Pods-Machac.release.xcconfig */ = {isa = PBXFileReference; includeInIndex = 1; lastKnownFileType = text.xcconfig; name = "Pods-Machac.release.xcconfig"; path = "Pods/Target Support Files/Pods-Machac/Pods-Machac.release.xcconfig"; sourceTree = "<group>"; };
/* End PBXFileReference section */

/* Begin PBXFrameworksBuildPhase section */
		C1C8790A1F9620C2004FADBC /* Frameworks */ = {
			isa = PBXFrameworksBuildPhase;
			buildActionMask = 2147483647;
			files = (
				0E22EBA44E0BA015FB260F3A /* Pods_Machac.framework in Frameworks */,
			);
			runOnlyForDeploymentPostprocessing = 0;
		};
/* End PBXFrameworksBuildPhase section */

/* Begin PBXGroup section */
		34D60F3791F02972276E76E7 /* Frameworks */ = {
			isa = PBXGroup;
			children = (
				045BEA563C79C8A024BDF18A /* Pods_Machac.framework */,
			);
			name = Frameworks;
			sourceTree = "<group>";
		};
		A6782EAA22C7DFBEF955CF03 /* Pods */ = {
			isa = PBXGroup;
			children = (
				97DC4CE70D169BF61B726F14 /* Pods-Machac.debug.xcconfig */,
				D97C1B047F8DAA14A997CF0A /* Pods-Machac.release.xcconfig */,
			);
			name = Pods;
			sourceTree = "<group>";
		};
		C1C879041F9620C1004FADBC = {
			isa = PBXGroup;
			children = (
				C1C879101F9620C2004FADBC /* AppDelegate.swift */,
				C1D592831F964F1600A0C189 /* Models */,
				C1D592821F964F0100A0C189 /* Controllers */,
				C1C8790F1F9620C2004FADBC /* SupportingFiles */,
				C1D592841F964F3B00A0C189 /* Views */,
				C1D592871F96500700A0C189 /* Utils */,
				C1C8790E1F9620C2004FADBC /* Products */,
				A6782EAA22C7DFBEF955CF03 /* Pods */,
				34D60F3791F02972276E76E7 /* Frameworks */,
			);
			sourceTree = "<group>";
		};
		C1C8790E1F9620C2004FADBC /* Products */ = {
			isa = PBXGroup;
			children = (
				C1C8790D1F9620C2004FADBC /* Machac.app */,
			);
			name = Products;
			sourceTree = "<group>";
		};
		C1C8790F1F9620C2004FADBC /* SupportingFiles */ = {
			isa = PBXGroup;
			children = (
				C1C879191F9620C2004FADBC /* Assets.xcassets */,
				C1C8791E1F9620C2004FADBC /* Info.plist */,
			);
			path = SupportingFiles;
			sourceTree = "<group>";
		};
		C1D592821F964F0100A0C189 /* Controllers */ = {
			isa = PBXGroup;
			children = (
				C1C879121F9620C2004FADBC /* PeopleViewController.swift */,
				C1D5928B1F9746B600A0C189 /* PersonViewController.swift */,
				C1D592931F975C5200A0C189 /* ItemsViewController.swift */,
				C1D592951F975D4D00A0C189 /* OwesViewController.swift */,
				C1D592991F9765DB00A0C189 /* IsOwedViewController.swift */,
				C1D5929F1F97752A00A0C189 /* CurrenciesViewController.swift */,
				C1FA6BF21F979FE6008EF50C /* CurrencyViewController.swift */,
				C1D592A11F977A5700A0C189 /* ItemViewController.swift */,
				C1FA6BFC1F989CE9008EF50C /* RatioViewController.swift */,
				C1FA6C041F9903B1008EF50C /* DebtsViewController.swift */,
				C1FA6C061F9906DE008EF50C /* ItemOwnerViewController.swift */,
				C1C879161F9620C2004FADBC /* Main.storyboard */,
				C1D5929D1F97742800A0C189 /* InitialViewController.swift */,
			);
			path = Controllers;
			sourceTree = "<group>";
		};
		C1D592831F964F1600A0C189 /* Models */ = {
			isa = PBXGroup;
			children = (
				C1D592851F964F5900A0C189 /* Person.swift */,
				C1D5928D1F97565A00A0C189 /* Item.swift */,
				C1D5928F1F9758A900A0C189 /* Currency.swift */,
				C1D592911F975A9A00A0C189 /* Ratio.swift */,
			);
			path = Models;
			sourceTree = "<group>";
		};
		C1D592841F964F3B00A0C189 /* Views */ = {
			isa = PBXGroup;
			children = (
				C1C8791B1F9620C2004FADBC /* LaunchScreen.storyboard */,
				C1D5929B1F976A2B00A0C189 /* NameValueCell.swift */,
				C1D592A31F977C4300A0C189 /* PickerCell.swift */,
				C1D592AD1F97826500A0C189 /* TextFieldCell.swift */,
				C1FA6BF61F97C389008EF50C /* TableViewCell.swift */,
				C1FA6BFA1F989247008EF50C /* RatiosTableViewCell.swift */,
				C1FA6BF81F988F56008EF50C /* ScrollViewWithUpdates.swift */,
				C1D592AB1F97807400A0C189 /* CurrencyPickerCell.swift */,
				C1FA6BF01F97914D008EF50C /* PersonPickerCell.swift */,
			);
			path = Views;
			sourceTree = "<group>";
		};
		C1D592871F96500700A0C189 /* Utils */ = {
			isa = PBXGroup;
			children = (
				C1D592A81F977FDC00A0C189 /* Protocols */,
				C1D592A51F977E8C00A0C189 /* Extensions */,
				C1D592881F96501400A0C189 /* Managers */,
			);
			path = Utils;
			sourceTree = "<group>";
		};
		C1D592881F96501400A0C189 /* Managers */ = {
			isa = PBXGroup;
			children = (
				C1D592891F96502700A0C189 /* RealmManager.swift */,
				C1D592971F97624400A0C189 /* AppSettings.swift */,
				C1FA6BFE1F98CAF7008EF50C /* ExportManager.swift */,
			);
			path = Managers;
			sourceTree = "<group>";
		};
		C1D592A51F977E8C00A0C189 /* Extensions */ = {
			isa = PBXGroup;
			children = (
				C1D592A61F977E9E00A0C189 /* UIViewExtension.swift */,
				C1D592AF1F9782A500A0C189 /* UITableExtensions.swift */,
				C1FA6BF41F97A460008EF50C /* UIViewControllerExtension.swift */,
				C1FA6C001F98D337008EF50C /* ArrayExtension.swift */,
			);
			path = Extensions;
			sourceTree = "<group>";
		};
		C1D592A81F977FDC00A0C189 /* Protocols */ = {
			isa = PBXGroup;
			children = (
				C1D592A91F977FFC00A0C189 /* ListableObject.swift */,
				C11216BC1F992FD300C20286 /* CascadeDelete.swift */,
			);
			path = Protocols;
			sourceTree = "<group>";
		};
/* End PBXGroup section */

/* Begin PBXNativeTarget section */
		C1C8790C1F9620C2004FADBC /* Machac */ = {
			isa = PBXNativeTarget;
			buildConfigurationList = C1C879211F9620C2004FADBC /* Build configuration list for PBXNativeTarget "Machac" */;
			buildPhases = (
				CCCFDEA8798B3E28891F3617 /* [CP] Check Pods Manifest.lock */,
				C1C879091F9620C2004FADBC /* Sources */,
				C1C8790A1F9620C2004FADBC /* Frameworks */,
				C1C8790B1F9620C2004FADBC /* Resources */,
				370760C22A10DF4FDB443C40 /* [CP] Embed Pods Frameworks */,
			);
			buildRules = (
			);
			dependencies = (
			);
			name = Machac;
			productName = Machac;
			productReference = C1C8790D1F9620C2004FADBC /* Machac.app */;
			productType = "com.apple.product-type.application";
		};
/* End PBXNativeTarget section */

/* Begin PBXProject section */
		C1C879051F9620C1004FADBC /* Project object */ = {
			isa = PBXProject;
			attributes = {
				LastSwiftUpdateCheck = 0900;
				LastUpgradeCheck = 0940;
				ORGANIZATIONNAME = Schwarja;
				TargetAttributes = {
					C1C8790C1F9620C2004FADBC = {
						CreatedOnToolsVersion = 9.0;
						ProvisioningStyle = Automatic;
					};
				};
			};
			buildConfigurationList = C1C879081F9620C1004FADBC /* Build configuration list for PBXProject "Machac" */;
			compatibilityVersion = "Xcode 8.0";
			developmentRegion = en;
			hasScannedForEncodings = 0;
			knownRegions = (
				en,
				Base,
			);
			mainGroup = C1C879041F9620C1004FADBC;
			productRefGroup = C1C8790E1F9620C2004FADBC /* Products */;
			projectDirPath = "";
			projectRoot = "";
			targets = (
				C1C8790C1F9620C2004FADBC /* Machac */,
			);
		};
/* End PBXProject section */

/* Begin PBXResourcesBuildPhase section */
		C1C8790B1F9620C2004FADBC /* Resources */ = {
			isa = PBXResourcesBuildPhase;
			buildActionMask = 2147483647;
			files = (
				C1C8791D1F9620C2004FADBC /* LaunchScreen.storyboard in Resources */,
				C1C8791A1F9620C2004FADBC /* Assets.xcassets in Resources */,
				C1C879181F9620C2004FADBC /* Main.storyboard in Resources */,
			);
			runOnlyForDeploymentPostprocessing = 0;
		};
/* End PBXResourcesBuildPhase section */

/* Begin PBXShellScriptBuildPhase section */
		370760C22A10DF4FDB443C40 /* [CP] Embed Pods Frameworks */ = {
			isa = PBXShellScriptBuildPhase;
			buildActionMask = 2147483647;
			files = (
			);
			inputPaths = (
				"${SRCROOT}/Pods/Target Support Files/Pods-Machac/Pods-Machac-frameworks.sh",
				"${BUILT_PRODUCTS_DIR}/IQKeyboardManager/IQKeyboardManager.framework",
				"${BUILT_PRODUCTS_DIR}/Realm/Realm.framework",
				"${BUILT_PRODUCTS_DIR}/RealmSwift/RealmSwift.framework",
				"${BUILT_PRODUCTS_DIR}/SVProgressHUD/SVProgressHUD.framework",
			);
			name = "[CP] Embed Pods Frameworks";
			outputPaths = (
				"${TARGET_BUILD_DIR}/${FRAMEWORKS_FOLDER_PATH}/IQKeyboardManager.framework",
				"${TARGET_BUILD_DIR}/${FRAMEWORKS_FOLDER_PATH}/Realm.framework",
				"${TARGET_BUILD_DIR}/${FRAMEWORKS_FOLDER_PATH}/RealmSwift.framework",
				"${TARGET_BUILD_DIR}/${FRAMEWORKS_FOLDER_PATH}/SVProgressHUD.framework",
			);
			runOnlyForDeploymentPostprocessing = 0;
			shellPath = /bin/sh;
			shellScript = "\"${SRCROOT}/Pods/Target Support Files/Pods-Machac/Pods-Machac-frameworks.sh\"\n";
			showEnvVarsInLog = 0;
		};
		CCCFDEA8798B3E28891F3617 /* [CP] Check Pods Manifest.lock */ = {
			isa = PBXShellScriptBuildPhase;
			buildActionMask = 2147483647;
			files = (
			);
			inputPaths = (
				"${PODS_PODFILE_DIR_PATH}/Podfile.lock",
				"${PODS_ROOT}/Manifest.lock",
			);
			name = "[CP] Check Pods Manifest.lock";
			outputPaths = (
				"$(DERIVED_FILE_DIR)/Pods-Machac-checkManifestLockResult.txt",
			);
			runOnlyForDeploymentPostprocessing = 0;
			shellPath = /bin/sh;
			shellScript = "diff \"${PODS_PODFILE_DIR_PATH}/Podfile.lock\" \"${PODS_ROOT}/Manifest.lock\" > /dev/null\nif [ $? != 0 ] ; then\n    # print error to STDERR\n    echo \"error: The sandbox is not in sync with the Podfile.lock. Run 'pod install' or update your CocoaPods installation.\" >&2\n    exit 1\nfi\n# This output is used by Xcode 'outputs' to avoid re-running this script phase.\necho \"SUCCESS\" > \"${SCRIPT_OUTPUT_FILE_0}\"\n";
			showEnvVarsInLog = 0;
		};
/* End PBXShellScriptBuildPhase section */

/* Begin PBXSourcesBuildPhase section */
		C1C879091F9620C2004FADBC /* Sources */ = {
			isa = PBXSourcesBuildPhase;
			buildActionMask = 2147483647;
			files = (
				C1D592AC1F97807400A0C189 /* CurrencyPickerCell.swift in Sources */,
				C1FA6C071F9906DE008EF50C /* ItemOwnerViewController.swift in Sources */,
				C1FA6BF31F979FE6008EF50C /* CurrencyViewController.swift in Sources */,
				C1FA6BF51F97A460008EF50C /* UIViewControllerExtension.swift in Sources */,
				C1FA6BFD1F989CE9008EF50C /* RatioViewController.swift in Sources */,
				C11216BD1F992FD300C20286 /* CascadeDelete.swift in Sources */,
				C1D592A01F97752A00A0C189 /* CurrenciesViewController.swift in Sources */,
				C1D592B01F9782A500A0C189 /* UITableExtensions.swift in Sources */,
				C1D5929C1F976A2B00A0C189 /* NameValueCell.swift in Sources */,
				C1D592A41F977C4300A0C189 /* PickerCell.swift in Sources */,
				C1FA6BF91F988F56008EF50C /* ScrollViewWithUpdates.swift in Sources */,
				C1D5929E1F97742800A0C189 /* InitialViewController.swift in Sources */,
				C1D5928C1F9746B600A0C189 /* PersonViewController.swift in Sources */,
				C1D592AE1F97826500A0C189 /* TextFieldCell.swift in Sources */,
				C1C879131F9620C2004FADBC /* PeopleViewController.swift in Sources */,
				C1D592A71F977E9E00A0C189 /* UIViewExtension.swift in Sources */,
				C1D5928A1F96502700A0C189 /* RealmManager.swift in Sources */,
				C1FA6BF71F97C389008EF50C /* TableViewCell.swift in Sources */,
				C1D592861F964F5900A0C189 /* Person.swift in Sources */,
				C1FA6BF11F97914D008EF50C /* PersonPickerCell.swift in Sources */,
				C1D592AA1F977FFC00A0C189 /* ListableObject.swift in Sources */,
				C1D592941F975C5200A0C189 /* ItemsViewController.swift in Sources */,
				C1D5928E1F97565A00A0C189 /* Item.swift in Sources */,
				C1D592961F975D4D00A0C189 /* OwesViewController.swift in Sources */,
				C1D592981F97624400A0C189 /* AppSettings.swift in Sources */,
				C1FA6BFF1F98CAF7008EF50C /* ExportManager.swift in Sources */,
				C1D592921F975A9A00A0C189 /* Ratio.swift in Sources */,
				C1D592901F9758A900A0C189 /* Currency.swift in Sources */,
				C1D592A21F977A5700A0C189 /* ItemViewController.swift in Sources */,
				C1FA6C011F98D337008EF50C /* ArrayExtension.swift in Sources */,
				C1FA6BFB1F989247008EF50C /* RatiosTableViewCell.swift in Sources */,
				C1C879111F9620C2004FADBC /* AppDelegate.swift in Sources */,
				C1FA6C051F9903B1008EF50C /* DebtsViewController.swift in Sources */,
				C1D5929A1F9765DB00A0C189 /* IsOwedViewController.swift in Sources */,
			);
			runOnlyForDeploymentPostprocessing = 0;
		};
/* End PBXSourcesBuildPhase section */

/* Begin PBXVariantGroup section */
		C1C879161F9620C2004FADBC /* Main.storyboard */ = {
			isa = PBXVariantGroup;
			children = (
				C1C879171F9620C2004FADBC /* Base */,
			);
			name = Main.storyboard;
			sourceTree = "<group>";
		};
		C1C8791B1F9620C2004FADBC /* LaunchScreen.storyboard */ = {
			isa = PBXVariantGroup;
			children = (
				C1C8791C1F9620C2004FADBC /* Base */,
			);
			name = LaunchScreen.storyboard;
			sourceTree = "<group>";
		};
/* End PBXVariantGroup section */

/* Begin XCBuildConfiguration section */
		C1C8791F1F9620C2004FADBC /* Debug */ = {
			isa = XCBuildConfiguration;
			buildSettings = {
				ALWAYS_SEARCH_USER_PATHS = NO;
				CLANG_ANALYZER_NONNULL = YES;
				CLANG_ANALYZER_NUMBER_OBJECT_CONVERSION = YES_AGGRESSIVE;
				CLANG_CXX_LANGUAGE_STANDARD = "gnu++14";
				CLANG_CXX_LIBRARY = "libc++";
				CLANG_ENABLE_MODULES = YES;
				CLANG_ENABLE_OBJC_ARC = YES;
				CLANG_WARN_BLOCK_CAPTURE_AUTORELEASING = YES;
				CLANG_WARN_BOOL_CONVERSION = YES;
				CLANG_WARN_COMMA = YES;
				CLANG_WARN_CONSTANT_CONVERSION = YES;
				CLANG_WARN_DEPRECATED_OBJC_IMPLEMENTATIONS = YES;
				CLANG_WARN_DIRECT_OBJC_ISA_USAGE = YES_ERROR;
				CLANG_WARN_DOCUMENTATION_COMMENTS = YES;
				CLANG_WARN_EMPTY_BODY = YES;
				CLANG_WARN_ENUM_CONVERSION = YES;
				CLANG_WARN_INFINITE_RECURSION = YES;
				CLANG_WARN_INT_CONVERSION = YES;
				CLANG_WARN_NON_LITERAL_NULL_CONVERSION = YES;
				CLANG_WARN_OBJC_IMPLICIT_RETAIN_SELF = YES;
				CLANG_WARN_OBJC_LITERAL_CONVERSION = YES;
				CLANG_WARN_OBJC_ROOT_CLASS = YES_ERROR;
				CLANG_WARN_RANGE_LOOP_ANALYSIS = YES;
				CLANG_WARN_STRICT_PROTOTYPES = YES;
				CLANG_WARN_SUSPICIOUS_MOVE = YES;
				CLANG_WARN_UNGUARDED_AVAILABILITY = YES_AGGRESSIVE;
				CLANG_WARN_UNREACHABLE_CODE = YES;
				CLANG_WARN__DUPLICATE_METHOD_MATCH = YES;
				CODE_SIGN_IDENTITY = "iPhone Developer";
				COPY_PHASE_STRIP = NO;
				DEBUG_INFORMATION_FORMAT = dwarf;
				ENABLE_STRICT_OBJC_MSGSEND = YES;
				ENABLE_TESTABILITY = YES;
				GCC_C_LANGUAGE_STANDARD = gnu11;
				GCC_DYNAMIC_NO_PIC = NO;
				GCC_NO_COMMON_BLOCKS = YES;
				GCC_OPTIMIZATION_LEVEL = 0;
				GCC_PREPROCESSOR_DEFINITIONS = (
					"DEBUG=1",
					"$(inherited)",
				);
				GCC_WARN_64_TO_32_BIT_CONVERSION = YES;
				GCC_WARN_ABOUT_RETURN_TYPE = YES_ERROR;
				GCC_WARN_UNDECLARED_SELECTOR = YES;
				GCC_WARN_UNINITIALIZED_AUTOS = YES_AGGRESSIVE;
				GCC_WARN_UNUSED_FUNCTION = YES;
				GCC_WARN_UNUSED_VARIABLE = YES;
				IPHONEOS_DEPLOYMENT_TARGET = 11.0;
				MTL_ENABLE_DEBUG_INFO = YES;
				ONLY_ACTIVE_ARCH = YES;
				SDKROOT = iphoneos;
				SWIFT_ACTIVE_COMPILATION_CONDITIONS = DEBUG;
				SWIFT_OPTIMIZATION_LEVEL = "-Onone";
			};
			name = Debug;
		};
		C1C879201F9620C2004FADBC /* Release */ = {
			isa = XCBuildConfiguration;
			buildSettings = {
				ALWAYS_SEARCH_USER_PATHS = NO;
				CLANG_ANALYZER_NONNULL = YES;
				CLANG_ANALYZER_NUMBER_OBJECT_CONVERSION = YES_AGGRESSIVE;
				CLANG_CXX_LANGUAGE_STANDARD = "gnu++14";
				CLANG_CXX_LIBRARY = "libc++";
				CLANG_ENABLE_MODULES = YES;
				CLANG_ENABLE_OBJC_ARC = YES;
				CLANG_WARN_BLOCK_CAPTURE_AUTORELEASING = YES;
				CLANG_WARN_BOOL_CONVERSION = YES;
				CLANG_WARN_COMMA = YES;
				CLANG_WARN_CONSTANT_CONVERSION = YES;
				CLANG_WARN_DEPRECATED_OBJC_IMPLEMENTATIONS = YES;
				CLANG_WARN_DIRECT_OBJC_ISA_USAGE = YES_ERROR;
				CLANG_WARN_DOCUMENTATION_COMMENTS = YES;
				CLANG_WARN_EMPTY_BODY = YES;
				CLANG_WARN_ENUM_CONVERSION = YES;
				CLANG_WARN_INFINITE_RECURSION = YES;
				CLANG_WARN_INT_CONVERSION = YES;
				CLANG_WARN_NON_LITERAL_NULL_CONVERSION = YES;
				CLANG_WARN_OBJC_IMPLICIT_RETAIN_SELF = YES;
				CLANG_WARN_OBJC_LITERAL_CONVERSION = YES;
				CLANG_WARN_OBJC_ROOT_CLASS = YES_ERROR;
				CLANG_WARN_RANGE_LOOP_ANALYSIS = YES;
				CLANG_WARN_STRICT_PROTOTYPES = YES;
				CLANG_WARN_SUSPICIOUS_MOVE = YES;
				CLANG_WARN_UNGUARDED_AVAILABILITY = YES_AGGRESSIVE;
				CLANG_WARN_UNREACHABLE_CODE = YES;
				CLANG_WARN__DUPLICATE_METHOD_MATCH = YES;
				CODE_SIGN_IDENTITY = "iPhone Developer";
				COPY_PHASE_STRIP = NO;
				DEBUG_INFORMATION_FORMAT = "dwarf-with-dsym";
				ENABLE_NS_ASSERTIONS = NO;
				ENABLE_STRICT_OBJC_MSGSEND = YES;
				GCC_C_LANGUAGE_STANDARD = gnu11;
				GCC_NO_COMMON_BLOCKS = YES;
				GCC_WARN_64_TO_32_BIT_CONVERSION = YES;
				GCC_WARN_ABOUT_RETURN_TYPE = YES_ERROR;
				GCC_WARN_UNDECLARED_SELECTOR = YES;
				GCC_WARN_UNINITIALIZED_AUTOS = YES_AGGRESSIVE;
				GCC_WARN_UNUSED_FUNCTION = YES;
				GCC_WARN_UNUSED_VARIABLE = YES;
				IPHONEOS_DEPLOYMENT_TARGET = 11.0;
				MTL_ENABLE_DEBUG_INFO = NO;
				SDKROOT = iphoneos;
				SWIFT_OPTIMIZATION_LEVEL = "-Owholemodule";
				VALIDATE_PRODUCT = YES;
			};
			name = Release;
		};
		C1C879221F9620C2004FADBC /* Debug */ = {
			isa = XCBuildConfiguration;
			baseConfigurationReference = 97DC4CE70D169BF61B726F14 /* Pods-Machac.debug.xcconfig */;
			buildSettings = {
				ASSETCATALOG_COMPILER_APPICON_NAME = AppIcon;
				CODE_SIGN_STYLE = Automatic;
				DEVELOPMENT_TEAM = AV29J8RAE8;
				INFOPLIST_FILE = SupportingFiles/Info.plist;
				LD_RUNPATH_SEARCH_PATHS = "$(inherited) @executable_path/Frameworks";
				PRODUCT_BUNDLE_IDENTIFIER = com.schwarja.Machac;
				PRODUCT_NAME = "$(TARGET_NAME)";
				SWIFT_VERSION = 4.0;
				TARGETED_DEVICE_FAMILY = "1,2";
			};
			name = Debug;
		};
		C1C879231F9620C2004FADBC /* Release */ = {
			isa = XCBuildConfiguration;
			baseConfigurationReference = D97C1B047F8DAA14A997CF0A /* Pods-Machac.release.xcconfig */;
			buildSettings = {
				ASSETCATALOG_COMPILER_APPICON_NAME = AppIcon;
				CODE_SIGN_STYLE = Automatic;
				DEVELOPMENT_TEAM = AV29J8RAE8;
				INFOPLIST_FILE = SupportingFiles/Info.plist;
				LD_RUNPATH_SEARCH_PATHS = "$(inherited) @executable_path/Frameworks";
				PRODUCT_BUNDLE_IDENTIFIER = com.schwarja.Machac;
				PRODUCT_NAME = "$(TARGET_NAME)";
				SWIFT_VERSION = 4.0;
				TARGETED_DEVICE_FAMILY = "1,2";
			};
			name = Release;
		};
/* End XCBuildConfiguration section */

/* Begin XCConfigurationList section */
		C1C879081F9620C1004FADBC /* Build configuration list for PBXProject "Machac" */ = {
			isa = XCConfigurationList;
			buildConfigurations = (
				C1C8791F1F9620C2004FADBC /* Debug */,
				C1C879201F9620C2004FADBC /* Release */,
			);
			defaultConfigurationIsVisible = 0;
			defaultConfigurationName = Release;
		};
		C1C879211F9620C2004FADBC /* Build configuration list for PBXNativeTarget "Machac" */ = {
			isa = XCConfigurationList;
			buildConfigurations = (
				C1C879221F9620C2004FADBC /* Debug */,
				C1C879231F9620C2004FADBC /* Release */,
			);
			defaultConfigurationIsVisible = 0;
			defaultConfigurationName = Release;
		};
/* End XCConfigurationList section */
	};
	rootObject = C1C879051F9620C1004FADBC /* Project object */;
}
